
Microsoft Visual Studio Solution File, Format Version 12.00
# Visual Studio Version 17
VisualStudioVersion = 17.5.002.0
MinimumVisualStudioVersion = 10.0.40219.1
Project("{9A19103F-16F7-4668-BE54-9A1E7A4F7556}") = "apiConnection", "apiConnection.csproj", "{36592C42-C801-4F61-BFEA-F3279538BACA}"
EndProject
Global
	GlobalSection(SolutionConfigurationPlatforms) = preSolution
		Debug|Any CPU = Debug|Any CPU
		Release|Any CPU = Release|Any CPU
	EndGlobalSection
	GlobalSection(ProjectConfigurationPlatforms) = postSolution
		{36592C42-C801-4F61-BFEA-F3279538BACA}.Debug|Any CPU.ActiveCfg = Debug|Any CPU
		{36592C42-C801-4F61-BFEA-F3279538BACA}.Debug|Any CPU.Build.0 = Debug|Any CPU
		{36592C42-C801-4F61-BFEA-F3279538BACA}.Release|Any CPU.ActiveCfg = Release|Any CPU
		{36592C42-C801-4F61-BFEA-F3279538BACA}.Release|Any CPU.Build.0 = Release|Any CPU
	EndGlobalSection
	GlobalSection(SolutionProperties) = preSolution
		HideSolutionNode = FALSE
	EndGlobalSection
	GlobalSection(ExtensibilityGlobals) = postSolution
		SolutionGuid = {D47CF56F-939B-4992-878C-F556D1CCA8E7}
	EndGlobalSection
EndGlobal
